
Microsoft Visual Studio Solution File, Format Version 12.00
# Visual Studio Version 17
VisualStudioVersion = 17.6.33829.357
MinimumVisualStudioVersion = 10.0.40219.1
Project("{9A19103F-16F7-4668-BE54-9A1E7A4F7556}") = "OneModel", "OneModel\OneModel.csproj", "{E4ECF061-3598-49B2-8C25-27A19AEBA602}"
EndProject
Project("{FAE04EC0-301F-11D3-BF4B-00C04F79EFBC}") = "OneModel.Tests", "OneModel.Tests\OneModel.Tests.csproj", "{3A113418-A4D3-4DE7-9090-783C505B7846}"
EndProject
Global
	GlobalSection(SolutionConfigurationPlatforms) = preSolution
		Debug|Any CPU = Debug|Any CPU
		Release|Any CPU = Release|Any CPU
	EndGlobalSection
	GlobalSection(ProjectConfigurationPlatforms) = postSolution
		{E4ECF061-3598-49B2-8C25-27A19AEBA602}.Debug|Any CPU.ActiveCfg = Debug|Any CPU
		{E4ECF061-3598-49B2-8C25-27A19AEBA602}.Debug|Any CPU.Build.0 = Debug|Any CPU
		{E4ECF061-3598-49B2-8C25-27A19AEBA602}.Release|Any CPU.ActiveCfg = Release|Any CPU
		{E4ECF061-3598-49B2-8C25-27A19AEBA602}.Release|Any CPU.Build.0 = Release|Any CPU
		{3A113418-A4D3-4DE7-9090-783C505B7846}.Debug|Any CPU.ActiveCfg = Debug|Any CPU
		{3A113418-A4D3-4DE7-9090-783C505B7846}.Debug|Any CPU.Build.0 = Debug|Any CPU
		{3A113418-A4D3-4DE7-9090-783C505B7846}.Release|Any CPU.ActiveCfg = Release|Any CPU
		{3A113418-A4D3-4DE7-9090-783C505B7846}.Release|Any CPU.Build.0 = Release|Any CPU
	EndGlobalSection
	GlobalSection(SolutionProperties) = preSolution
		HideSolutionNode = FALSE
	EndGlobalSection
	GlobalSection(ExtensibilityGlobals) = postSolution
		SolutionGuid = {CC536478-B32C-4A2D-A0C5-247E7528B816}
	EndGlobalSection
EndGlobal
